
Microsoft Visual Studio Solution File, Format Version 12.00
# Visual Studio 15
VisualStudioVersion = 15.0.26124.0
MinimumVisualStudioVersion = 15.0.26124.0
Project("{FAE04EC0-301F-11D3-BF4B-00C04F79EFBC}") = "RxExtensionBasics", "RxExtensionBasics\RxExtensionBasics.csproj", "{71B57DDC-933D-4717-8AFD-C9B2FDB9492B}"
EndProject
Project("{FAE04EC0-301F-11D3-BF4B-00C04F79EFBC}") = "RxBtc", "RxBtc\RxBtc.csproj", "{2E44484A-5C3F-4846-A2AE-A4C640BEFC73}"
EndProject
Global
	GlobalSection(SolutionConfigurationPlatforms) = preSolution
		Debug|Any CPU = Debug|Any CPU
		Debug|x64 = Debug|x64
		Debug|x86 = Debug|x86
		Release|Any CPU = Release|Any CPU
		Release|x64 = Release|x64
		Release|x86 = Release|x86
	EndGlobalSection
	GlobalSection(SolutionProperties) = preSolution
		HideSolutionNode = FALSE
	EndGlobalSection
	GlobalSection(ProjectConfigurationPlatforms) = postSolution
		{71B57DDC-933D-4717-8AFD-C9B2FDB9492B}.Debug|Any CPU.ActiveCfg = Debug|Any CPU
		{71B57DDC-933D-4717-8AFD-C9B2FDB9492B}.Debug|Any CPU.Build.0 = Debug|Any CPU
		{71B57DDC-933D-4717-8AFD-C9B2FDB9492B}.Debug|x64.ActiveCfg = Debug|Any CPU
		{71B57DDC-933D-4717-8AFD-C9B2FDB9492B}.Debug|x64.Build.0 = Debug|Any CPU
		{71B57DDC-933D-4717-8AFD-C9B2FDB9492B}.Debug|x86.ActiveCfg = Debug|Any CPU
		{71B57DDC-933D-4717-8AFD-C9B2FDB9492B}.Debug|x86.Build.0 = Debug|Any CPU
		{71B57DDC-933D-4717-8AFD-C9B2FDB9492B}.Release|Any CPU.ActiveCfg = Release|Any CPU
		{71B57DDC-933D-4717-8AFD-C9B2FDB9492B}.Release|Any CPU.Build.0 = Release|Any CPU
		{71B57DDC-933D-4717-8AFD-C9B2FDB9492B}.Release|x64.ActiveCfg = Release|Any CPU
		{71B57DDC-933D-4717-8AFD-C9B2FDB9492B}.Release|x64.Build.0 = Release|Any CPU
		{71B57DDC-933D-4717-8AFD-C9B2FDB9492B}.Release|x86.ActiveCfg = Release|Any CPU
		{71B57DDC-933D-4717-8AFD-C9B2FDB9492B}.Release|x86.Build.0 = Release|Any CPU
		{2E44484A-5C3F-4846-A2AE-A4C640BEFC73}.Debug|Any CPU.ActiveCfg = Debug|Any CPU
		{2E44484A-5C3F-4846-A2AE-A4C640BEFC73}.Debug|Any CPU.Build.0 = Debug|Any CPU
		{2E44484A-5C3F-4846-A2AE-A4C640BEFC73}.Debug|x64.ActiveCfg = Debug|Any CPU
		{2E44484A-5C3F-4846-A2AE-A4C640BEFC73}.Debug|x64.Build.0 = Debug|Any CPU
		{2E44484A-5C3F-4846-A2AE-A4C640BEFC73}.Debug|x86.ActiveCfg = Debug|Any CPU
		{2E44484A-5C3F-4846-A2AE-A4C640BEFC73}.Debug|x86.Build.0 = Debug|Any CPU
		{2E44484A-5C3F-4846-A2AE-A4C640BEFC73}.Release|Any CPU.ActiveCfg = Release|Any CPU
		{2E44484A-5C3F-4846-A2AE-A4C640BEFC73}.Release|Any CPU.Build.0 = Release|Any CPU
		{2E44484A-5C3F-4846-A2AE-A4C640BEFC73}.Release|x64.ActiveCfg = Release|Any CPU
		{2E44484A-5C3F-4846-A2AE-A4C640BEFC73}.Release|x64.Build.0 = Release|Any CPU
		{2E44484A-5C3F-4846-A2AE-A4C640BEFC73}.Release|x86.ActiveCfg = Release|Any CPU
		{2E44484A-5C3F-4846-A2AE-A4C640BEFC73}.Release|x86.Build.0 = Release|Any CPU
	EndGlobalSection
EndGlobal
